
Microsoft Visual Studio Solution File, Format Version 12.00
# Visual Studio Version 16
VisualStudioVersion = 16.0.30011.22
MinimumVisualStudioVersion = 10.0.40219.1
Project("{FAE04EC0-301F-11D3-BF4B-00C04F79EFBC}") = "Orders", "Orders\Orders.csproj", "{EBCB6529-7C43-4657-8294-EF23E27D53DE}"
EndProject
Project("{9A19103F-16F7-4668-BE54-9A1E7A4F7556}") = "Payment", "Payment\Payment\Payment.csproj", "{936E31F3-8090-4270-B7D8-E402C1A66A21}"
EndProject
Project("{FAE04EC0-301F-11D3-BF4B-00C04F79EFBC}") = "User", "User\User.csproj", "{BFC45536-6392-4322-A426-90B46307A257}"
EndProject
Project("{FAE04EC0-301F-11D3-BF4B-00C04F79EFBC}") = "GateWay", "GateWay\GateWay.csproj", "{08981C3D-D829-4620-9F23-BDDDDB97D5ED}"
EndProject
Global
	GlobalSection(SolutionConfigurationPlatforms) = preSolution
		Debug|Any CPU = Debug|Any CPU
		Release|Any CPU = Release|Any CPU
	EndGlobalSection
	GlobalSection(ProjectConfigurationPlatforms) = postSolution
		{EBCB6529-7C43-4657-8294-EF23E27D53DE}.Debug|Any CPU.ActiveCfg = Debug|Any CPU
		{EBCB6529-7C43-4657-8294-EF23E27D53DE}.Debug|Any CPU.Build.0 = Debug|Any CPU
		{EBCB6529-7C43-4657-8294-EF23E27D53DE}.Release|Any CPU.ActiveCfg = Release|Any CPU
		{EBCB6529-7C43-4657-8294-EF23E27D53DE}.Release|Any CPU.Build.0 = Release|Any CPU
		{936E31F3-8090-4270-B7D8-E402C1A66A21}.Debug|Any CPU.ActiveCfg = Debug|Any CPU
		{936E31F3-8090-4270-B7D8-E402C1A66A21}.Debug|Any CPU.Build.0 = Debug|Any CPU
		{936E31F3-8090-4270-B7D8-E402C1A66A21}.Release|Any CPU.ActiveCfg = Release|Any CPU
		{936E31F3-8090-4270-B7D8-E402C1A66A21}.Release|Any CPU.Build.0 = Release|Any CPU
		{BFC45536-6392-4322-A426-90B46307A257}.Debug|Any CPU.ActiveCfg = Debug|Any CPU
		{BFC45536-6392-4322-A426-90B46307A257}.Debug|Any CPU.Build.0 = Debug|Any CPU
		{BFC45536-6392-4322-A426-90B46307A257}.Release|Any CPU.ActiveCfg = Release|Any CPU
		{BFC45536-6392-4322-A426-90B46307A257}.Release|Any CPU.Build.0 = Release|Any CPU
		{08981C3D-D829-4620-9F23-BDDDDB97D5ED}.Debug|Any CPU.ActiveCfg = Debug|Any CPU
		{08981C3D-D829-4620-9F23-BDDDDB97D5ED}.Debug|Any CPU.Build.0 = Debug|Any CPU
		{08981C3D-D829-4620-9F23-BDDDDB97D5ED}.Release|Any CPU.ActiveCfg = Release|Any CPU
		{08981C3D-D829-4620-9F23-BDDDDB97D5ED}.Release|Any CPU.Build.0 = Release|Any CPU
	EndGlobalSection
	GlobalSection(SolutionProperties) = preSolution
		HideSolutionNode = FALSE
	EndGlobalSection
	GlobalSection(ExtensibilityGlobals) = postSolution
		SolutionGuid = {754D267A-0B5B-4EF4-B63D-9F9D97E380EC}
	EndGlobalSection
EndGlobal
